
Microsoft Visual Studio Solution File, Format Version 12.00
# Visual Studio 14
VisualStudioVersion = 14.0.24720.0
MinimumVisualStudioVersion = 10.0.40219.1
Project("{FAE04EC0-301F-11D3-BF4B-00C04F79EFBC}") = "CodeBook.Launcher", "CodeBook.Console\CodeBook.Launcher.csproj", "{523528B4-9D39-4C18-BB55-5BC6E095DD31}"
EndProject
Project("{FAE04EC0-301F-11D3-BF4B-00C04F79EFBC}") = "CodeBook.Ciphers", "CodeBook.Ciphers\CodeBook.Ciphers.csproj", "{431C8415-5D54-4F95-A88D-5E6480C577C7}"
EndProject
Project("{FAE04EC0-301F-11D3-BF4B-00C04F79EFBC}") = "CodeBook.Tests", "CodeBook.Tests\CodeBook.Tests.csproj", "{2F375645-7DFD-4632-9C83-02ED4BF0F73E}"
EndProject
Global
	GlobalSection(SolutionConfigurationPlatforms) = preSolution
		Debug|Any CPU = Debug|Any CPU
		Release|Any CPU = Release|Any CPU
	EndGlobalSection
	GlobalSection(ProjectConfigurationPlatforms) = postSolution
		{523528B4-9D39-4C18-BB55-5BC6E095DD31}.Debug|Any CPU.ActiveCfg = Debug|Any CPU
		{523528B4-9D39-4C18-BB55-5BC6E095DD31}.Debug|Any CPU.Build.0 = Debug|Any CPU
		{523528B4-9D39-4C18-BB55-5BC6E095DD31}.Release|Any CPU.ActiveCfg = Release|Any CPU
		{523528B4-9D39-4C18-BB55-5BC6E095DD31}.Release|Any CPU.Build.0 = Release|Any CPU
		{431C8415-5D54-4F95-A88D-5E6480C577C7}.Debug|Any CPU.ActiveCfg = Debug|Any CPU
		{431C8415-5D54-4F95-A88D-5E6480C577C7}.Debug|Any CPU.Build.0 = Debug|Any CPU
		{431C8415-5D54-4F95-A88D-5E6480C577C7}.Release|Any CPU.ActiveCfg = Release|Any CPU
		{431C8415-5D54-4F95-A88D-5E6480C577C7}.Release|Any CPU.Build.0 = Release|Any CPU
		{2F375645-7DFD-4632-9C83-02ED4BF0F73E}.Debug|Any CPU.ActiveCfg = Debug|Any CPU
		{2F375645-7DFD-4632-9C83-02ED4BF0F73E}.Debug|Any CPU.Build.0 = Debug|Any CPU
		{2F375645-7DFD-4632-9C83-02ED4BF0F73E}.Release|Any CPU.ActiveCfg = Release|Any CPU
		{2F375645-7DFD-4632-9C83-02ED4BF0F73E}.Release|Any CPU.Build.0 = Release|Any CPU
	EndGlobalSection
	GlobalSection(SolutionProperties) = preSolution
		HideSolutionNode = FALSE
	EndGlobalSection
EndGlobal
